// !$*UTF8*$!
{
	archiveVersion = 1;
	classes = {
	};
	objectVersion = 50;
	objects = {

/* Begin PBXBuildFile section */
		DD0E3F0E2438E00C007DDDCF /* AppDelegate.swift in Sources */ = {isa = PBXBuildFile; fileRef = DD0E3F0D2438E00C007DDDCF /* AppDelegate.swift */; };
		DD0E3F102438E00C007DDDCF /* SceneDelegate.swift in Sources */ = {isa = PBXBuildFile; fileRef = DD0E3F0F2438E00C007DDDCF /* SceneDelegate.swift */; };
		DD0E3F152438E00C007DDDCF /* Main.storyboard in Resources */ = {isa = PBXBuildFile; fileRef = DD0E3F132438E00C007DDDCF /* Main.storyboard */; };
		DD0E3F172438E00D007DDDCF /* Assets.xcassets in Resources */ = {isa = PBXBuildFile; fileRef = DD0E3F162438E00D007DDDCF /* Assets.xcassets */; };
		DD0E3F1A2438E00D007DDDCF /* LaunchScreen.storyboard in Resources */ = {isa = PBXBuildFile; fileRef = DD0E3F182438E00D007DDDCF /* LaunchScreen.storyboard */; };
		DD3631FD243F52AE000B15A5 /* AddLocationFormViewController+utils.swift in Sources */ = {isa = PBXBuildFile; fileRef = DD3631FC243F52AE000B15A5 /* AddLocationFormViewController+utils.swift */; };
		DD6ECD83243CACAF005BD83F /* ListingTableViewController+utils.swift in Sources */ = {isa = PBXBuildFile; fileRef = DD6ECD82243CACAF005BD83F /* ListingTableViewController+utils.swift */; };
		DD7ADA692441FA880043D812 /* MapViewController.swift in Sources */ = {isa = PBXBuildFile; fileRef = DD7ADA682441FA880043D812 /* MapViewController.swift */; };
		DD7ADA6B2441FB1D0043D812 /* MapViewController+utils.swift in Sources */ = {isa = PBXBuildFile; fileRef = DD7ADA6A2441FB1D0043D812 /* MapViewController+utils.swift */; };
		DD7ADA6D24420D020043D812 /* PostStudentListingResponse.swift in Sources */ = {isa = PBXBuildFile; fileRef = DD7ADA6C24420D020043D812 /* PostStudentListingResponse.swift */; };
		DD7ADA6F24420E680043D812 /* PostStudentListingRequest.swift in Sources */ = {isa = PBXBuildFile; fileRef = DD7ADA6E24420E680043D812 /* PostStudentListingRequest.swift */; };
		DD7ADA71244217E40043D812 /* UserResponse.swift in Sources */ = {isa = PBXBuildFile; fileRef = DD7ADA70244217E40043D812 /* UserResponse.swift */; };
		DD7ADA742442353B0043D812 /* fa-regular-400.ttf in Resources */ = {isa = PBXBuildFile; fileRef = DD7ADA73244235010043D812 /* fa-regular-400.ttf */; };
		DD8E69BB243B49B1009B89C9 /* ListingModel.swift in Sources */ = {isa = PBXBuildFile; fileRef = DD8E69BA243B49B1009B89C9 /* ListingModel.swift */; };
		DD8E69BD243B4A2A009B89C9 /* StudentListing.swift in Sources */ = {isa = PBXBuildFile; fileRef = DD8E69BC243B4A2A009B89C9 /* StudentListing.swift */; };
		DD8E69BF243B4B4E009B89C9 /* StudentLocationResponse.swift in Sources */ = {isa = PBXBuildFile; fileRef = DD8E69BE243B4B4E009B89C9 /* StudentLocationResponse.swift */; };
		DD8E69C1243B5844009B89C9 /* PrimaryTabBarController.swift in Sources */ = {isa = PBXBuildFile; fileRef = DD8E69C0243B5844009B89C9 /* PrimaryTabBarController.swift */; };
		DDA224A0243A40610046D861 /* Colors.xcassets in Resources */ = {isa = PBXBuildFile; fileRef = DDA2249F243A40610046D861 /* Colors.xcassets */; };
		DDA224A2243A46100046D861 /* Colors.swift in Sources */ = {isa = PBXBuildFile; fileRef = DDA224A1243A46100046D861 /* Colors.swift */; };
		DDA224A4243A47A50046D861 /* LoginViewController.swift in Sources */ = {isa = PBXBuildFile; fileRef = DDA224A3243A47A50046D861 /* LoginViewController.swift */; };
		DDA224A6243A482B0046D861 /* ListingMapViewController.swift in Sources */ = {isa = PBXBuildFile; fileRef = DDA224A5243A482B0046D861 /* ListingMapViewController.swift */; };
		DDA224A8243A48B90046D861 /* ListingTableViewController.swift in Sources */ = {isa = PBXBuildFile; fileRef = DDA224A7243A48B90046D861 /* ListingTableViewController.swift */; };
		DDA224AA243A49560046D861 /* AddLocationFormViewController.swift in Sources */ = {isa = PBXBuildFile; fileRef = DDA224A9243A49560046D861 /* AddLocationFormViewController.swift */; };
		DDA224AC243A49920046D861 /* AddLocationMapViewController.swift in Sources */ = {isa = PBXBuildFile; fileRef = DDA224AB243A49920046D861 /* AddLocationMapViewController.swift */; };
		DDA224AE243A4F800046D861 /* GradientView.swift in Sources */ = {isa = PBXBuildFile; fileRef = DDA224AD243A4F800046D861 /* GradientView.swift */; };
		DDA224B0243A5D7F0046D861 /* PrimaryButton.swift in Sources */ = {isa = PBXBuildFile; fileRef = DDA224AF243A5D7F0046D861 /* PrimaryButton.swift */; };
		DDA224B4243A75C60046D861 /* PrimaryTextField.swift in Sources */ = {isa = PBXBuildFile; fileRef = DDA224B3243A75C60046D861 /* PrimaryTextField.swift */; };
		DDA224B6243A77540046D861 /* PrimaryLabel.swift in Sources */ = {isa = PBXBuildFile; fileRef = DDA224B5243A77540046D861 /* PrimaryLabel.swift */; };
		DDA224BB243A7A1A0046D861 /* UdacityLoginRequest.swift in Sources */ = {isa = PBXBuildFile; fileRef = DDA224BA243A7A1A0046D861 /* UdacityLoginRequest.swift */; };
		DDA224BD243A7B1B0046D861 /* UdacityLoginResponse.swift in Sources */ = {isa = PBXBuildFile; fileRef = DDA224BC243A7B1B0046D861 /* UdacityLoginResponse.swift */; };
		DDA224BF243A7CD90046D861 /* OTMClient.swift in Sources */ = {isa = PBXBuildFile; fileRef = DDA224BE243A7CD90046D861 /* OTMClient.swift */; };
		DDA224C1243A9DA80046D861 /* OTMResponse.swift in Sources */ = {isa = PBXBuildFile; fileRef = DDA224C0243A9DA80046D861 /* OTMResponse.swift */; };
/* End PBXBuildFile section */

/* Begin PBXFileReference section */
		DD0E3F0A2438E00C007DDDCF /* OnTheMap.app */ = {isa = PBXFileReference; explicitFileType = wrapper.application; includeInIndex = 0; path = OnTheMap.app; sourceTree = BUILT_PRODUCTS_DIR; };
		DD0E3F0D2438E00C007DDDCF /* AppDelegate.swift */ = {isa = PBXFileReference; lastKnownFileType = sourcecode.swift; path = AppDelegate.swift; sourceTree = "<group>"; };
		DD0E3F0F2438E00C007DDDCF /* SceneDelegate.swift */ = {isa = PBXFileReference; lastKnownFileType = sourcecode.swift; path = SceneDelegate.swift; sourceTree = "<group>"; };
		DD0E3F142438E00C007DDDCF /* Base */ = {isa = PBXFileReference; lastKnownFileType = file.storyboard; name = Base; path = Base.lproj/Main.storyboard; sourceTree = "<group>"; };
		DD0E3F162438E00D007DDDCF /* Assets.xcassets */ = {isa = PBXFileReference; lastKnownFileType = folder.assetcatalog; path = Assets.xcassets; sourceTree = "<group>"; };
		DD0E3F192438E00D007DDDCF /* Base */ = {isa = PBXFileReference; lastKnownFileType = file.storyboard; name = Base; path = Base.lproj/LaunchScreen.storyboard; sourceTree = "<group>"; };
		DD0E3F1B2438E00D007DDDCF /* Info.plist */ = {isa = PBXFileReference; lastKnownFileType = text.plist.xml; path = Info.plist; sourceTree = "<group>"; };
		DD3631FC243F52AE000B15A5 /* AddLocationFormViewController+utils.swift */ = {isa = PBXFileReference; lastKnownFileType = sourcecode.swift; path = "AddLocationFormViewController+utils.swift"; sourceTree = "<group>"; };
		DD6ECD82243CACAF005BD83F /* ListingTableViewController+utils.swift */ = {isa = PBXFileReference; lastKnownFileType = sourcecode.swift; path = "ListingTableViewController+utils.swift"; sourceTree = "<group>"; };
		DD7ADA682441FA880043D812 /* MapViewController.swift */ = {isa = PBXFileReference; lastKnownFileType = sourcecode.swift; path = MapViewController.swift; sourceTree = "<group>"; };
		DD7ADA6A2441FB1D0043D812 /* MapViewController+utils.swift */ = {isa = PBXFileReference; lastKnownFileType = sourcecode.swift; path = "MapViewController+utils.swift"; sourceTree = "<group>"; };
		DD7ADA6C24420D020043D812 /* PostStudentListingResponse.swift */ = {isa = PBXFileReference; lastKnownFileType = sourcecode.swift; path = PostStudentListingResponse.swift; sourceTree = "<group>"; };
		DD7ADA6E24420E680043D812 /* PostStudentListingRequest.swift */ = {isa = PBXFileReference; lastKnownFileType = sourcecode.swift; path = PostStudentListingRequest.swift; sourceTree = "<group>"; };
		DD7ADA70244217E40043D812 /* UserResponse.swift */ = {isa = PBXFileReference; lastKnownFileType = sourcecode.swift; path = UserResponse.swift; sourceTree = "<group>"; };
		DD7ADA73244235010043D812 /* fa-regular-400.ttf */ = {isa = PBXFileReference; lastKnownFileType = file; name = "fa-regular-400.ttf"; path = "../../../../../../../../Downloads/fontawesome-free-5.13.0-web/webfonts/fa-regular-400.ttf"; sourceTree = "<group>"; };
		DD7ADA75244237040043D812 /* fa-brands-400.ttf */ = {isa = PBXFileReference; lastKnownFileType = file; path = "fa-brands-400.ttf"; sourceTree = "<group>"; };
		DD7ADA76244237150043D812 /* fa-solid-900.ttf */ = {isa = PBXFileReference; lastKnownFileType = file; path = "fa-solid-900.ttf"; sourceTree = "<group>"; };
		DD8E69BA243B49B1009B89C9 /* ListingModel.swift */ = {isa = PBXFileReference; lastKnownFileType = sourcecode.swift; path = ListingModel.swift; sourceTree = "<group>"; };
		DD8E69BC243B4A2A009B89C9 /* StudentListing.swift */ = {isa = PBXFileReference; lastKnownFileType = sourcecode.swift; path = StudentListing.swift; sourceTree = "<group>"; };
		DD8E69BE243B4B4E009B89C9 /* StudentLocationResponse.swift */ = {isa = PBXFileReference; lastKnownFileType = sourcecode.swift; path = StudentLocationResponse.swift; sourceTree = "<group>"; };
		DD8E69C0243B5844009B89C9 /* PrimaryTabBarController.swift */ = {isa = PBXFileReference; lastKnownFileType = sourcecode.swift; path = PrimaryTabBarController.swift; sourceTree = "<group>"; };
		DDA2249F243A40610046D861 /* Colors.xcassets */ = {isa = PBXFileReference; lastKnownFileType = folder.assetcatalog; path = Colors.xcassets; sourceTree = "<group>"; };
		DDA224A1243A46100046D861 /* Colors.swift */ = {isa = PBXFileReference; lastKnownFileType = sourcecode.swift; path = Colors.swift; sourceTree = "<group>"; };
		DDA224A3243A47A50046D861 /* LoginViewController.swift */ = {isa = PBXFileReference; lastKnownFileType = sourcecode.swift; path = LoginViewController.swift; sourceTree = "<group>"; };
		DDA224A5243A482B0046D861 /* ListingMapViewController.swift */ = {isa = PBXFileReference; lastKnownFileType = sourcecode.swift; path = ListingMapViewController.swift; sourceTree = "<group>"; };
		DDA224A7243A48B90046D861 /* ListingTableViewController.swift */ = {isa = PBXFileReference; lastKnownFileType = sourcecode.swift; path = ListingTableViewController.swift; sourceTree = "<group>"; };
		DDA224A9243A49560046D861 /* AddLocationFormViewController.swift */ = {isa = PBXFileReference; lastKnownFileType = sourcecode.swift; path = AddLocationFormViewController.swift; sourceTree = "<group>"; };
		DDA224AB243A49920046D861 /* AddLocationMapViewController.swift */ = {isa = PBXFileReference; lastKnownFileType = sourcecode.swift; path = AddLocationMapViewController.swift; sourceTree = "<group>"; };
		DDA224AD243A4F800046D861 /* GradientView.swift */ = {isa = PBXFileReference; lastKnownFileType = sourcecode.swift; path = GradientView.swift; sourceTree = "<group>"; };
		DDA224AF243A5D7F0046D861 /* PrimaryButton.swift */ = {isa = PBXFileReference; lastKnownFileType = sourcecode.swift; path = PrimaryButton.swift; sourceTree = "<group>"; };
		DDA224B3243A75C60046D861 /* PrimaryTextField.swift */ = {isa = PBXFileReference; lastKnownFileType = sourcecode.swift; path = PrimaryTextField.swift; sourceTree = "<group>"; };
		DDA224B5243A77540046D861 /* PrimaryLabel.swift */ = {isa = PBXFileReference; lastKnownFileType = sourcecode.swift; path = PrimaryLabel.swift; sourceTree = "<group>"; };
		DDA224BA243A7A1A0046D861 /* UdacityLoginRequest.swift */ = {isa = PBXFileReference; lastKnownFileType = sourcecode.swift; path = UdacityLoginRequest.swift; sourceTree = "<group>"; };
		DDA224BC243A7B1B0046D861 /* UdacityLoginResponse.swift */ = {isa = PBXFileReference; lastKnownFileType = sourcecode.swift; path = UdacityLoginResponse.swift; sourceTree = "<group>"; };
		DDA224BE243A7CD90046D861 /* OTMClient.swift */ = {isa = PBXFileReference; lastKnownFileType = sourcecode.swift; path = OTMClient.swift; sourceTree = "<group>"; };
		DDA224C0243A9DA80046D861 /* OTMResponse.swift */ = {isa = PBXFileReference; lastKnownFileType = sourcecode.swift; path = OTMResponse.swift; sourceTree = "<group>"; };
/* End PBXFileReference section */

/* Begin PBXFrameworksBuildPhase section */
		DD0E3F072438E00C007DDDCF /* Frameworks */ = {
			isa = PBXFrameworksBuildPhase;
			buildActionMask = 2147483647;
			files = (
			);
			runOnlyForDeploymentPostprocessing = 0;
		};
/* End PBXFrameworksBuildPhase section */

/* Begin PBXGroup section */
		DD0E3F012438E00C007DDDCF = {
			isa = PBXGroup;
			children = (
				DD0E3F0C2438E00C007DDDCF /* OnTheMap */,
				DD0E3F0B2438E00C007DDDCF /* Products */,
			);
			sourceTree = "<group>";
		};
		DD0E3F0B2438E00C007DDDCF /* Products */ = {
			isa = PBXGroup;
			children = (
				DD0E3F0A2438E00C007DDDCF /* OnTheMap.app */,
			);
			name = Products;
			sourceTree = "<group>";
		};
		DD0E3F0C2438E00C007DDDCF /* OnTheMap */ = {
			isa = PBXGroup;
			children = (
				DDA2249E243A3F550046D861 /* Model */,
				DDA2249D243A3F510046D861 /* View */,
				DDA2249C243A3F4B0046D861 /* Controller */,
				DDA2249B243A3F450046D861 /* Assets */,
				DD0E3F0D2438E00C007DDDCF /* AppDelegate.swift */,
				DD0E3F0F2438E00C007DDDCF /* SceneDelegate.swift */,
				DD0E3F1B2438E00D007DDDCF /* Info.plist */,
			);
			path = OnTheMap;
			sourceTree = "<group>";
		};
		DD6ECD81243CAC82005BD83F /* Extensions */ = {
			isa = PBXGroup;
			children = (
				DD6ECD82243CACAF005BD83F /* ListingTableViewController+utils.swift */,
				DD3631FC243F52AE000B15A5 /* AddLocationFormViewController+utils.swift */,
				DD7ADA6A2441FB1D0043D812 /* MapViewController+utils.swift */,
			);
			path = Extensions;
			sourceTree = "<group>";
		};
		DD8E69B9243B4985009B89C9 /* Data */ = {
			isa = PBXGroup;
			children = (
				DD8E69BA243B49B1009B89C9 /* ListingModel.swift */,
			);
			path = Data;
			sourceTree = "<group>";
		};
		DDA2249B243A3F450046D861 /* Assets */ = {
			isa = PBXGroup;
			children = (
				DD7ADA73244235010043D812 /* fa-regular-400.ttf */,
				DD7ADA76244237150043D812 /* fa-solid-900.ttf */,
				DD7ADA75244237040043D812 /* fa-brands-400.ttf */,
				DD0E3F182438E00D007DDDCF /* LaunchScreen.storyboard */,
				DD0E3F132438E00C007DDDCF /* Main.storyboard */,
				DD0E3F162438E00D007DDDCF /* Assets.xcassets */,
				DDA2249F243A40610046D861 /* Colors.xcassets */,
			);
			path = Assets;
			sourceTree = "<group>";
		};
		DDA2249C243A3F4B0046D861 /* Controller */ = {
			isa = PBXGroup;
			children = (
				DD6ECD81243CAC82005BD83F /* Extensions */,
				DDA224A3243A47A50046D861 /* LoginViewController.swift */,
				DDA224A5243A482B0046D861 /* ListingMapViewController.swift */,
				DDA224A7243A48B90046D861 /* ListingTableViewController.swift */,
				DDA224A9243A49560046D861 /* AddLocationFormViewController.swift */,
				DDA224AB243A49920046D861 /* AddLocationMapViewController.swift */,
				DD8E69C0243B5844009B89C9 /* PrimaryTabBarController.swift */,
				DD7ADA682441FA880043D812 /* MapViewController.swift */,
			);
			path = Controller;
			sourceTree = "<group>";
		};
		DDA2249D243A3F510046D861 /* View */ = {
			isa = PBXGroup;
			children = (
				DDA224A1243A46100046D861 /* Colors.swift */,
				DDA224AD243A4F800046D861 /* GradientView.swift */,
				DDA224AF243A5D7F0046D861 /* PrimaryButton.swift */,
				DDA224B3243A75C60046D861 /* PrimaryTextField.swift */,
				DDA224B5243A77540046D861 /* PrimaryLabel.swift */,
			);
			path = View;
			sourceTree = "<group>";
		};
		DDA2249E243A3F550046D861 /* Model */ = {
			isa = PBXGroup;
			children = (
				DD8E69B9243B4985009B89C9 /* Data */,
				DDA224B9243A79EB0046D861 /* OTM Client */,
				DDA224B8243A79D70046D861 /* OTM Responses */,
				DDA224B7243A79C30046D861 /* OTM Requests */,
			);
			path = Model;
			sourceTree = "<group>";
		};
		DDA224B7243A79C30046D861 /* OTM Requests */ = {
			isa = PBXGroup;
			children = (
				DDA224BA243A7A1A0046D861 /* UdacityLoginRequest.swift */,
				DD7ADA6E24420E680043D812 /* PostStudentListingRequest.swift */,
			);
			path = "OTM Requests";
			sourceTree = "<group>";
		};
		DDA224B8243A79D70046D861 /* OTM Responses */ = {
			isa = PBXGroup;
			children = (
				DDA224BC243A7B1B0046D861 /* UdacityLoginResponse.swift */,
				DDA224C0243A9DA80046D861 /* OTMResponse.swift */,
				DD8E69BC243B4A2A009B89C9 /* StudentListing.swift */,
				DD8E69BE243B4B4E009B89C9 /* StudentLocationResponse.swift */,
				DD7ADA6C24420D020043D812 /* PostStudentListingResponse.swift */,
				DD7ADA70244217E40043D812 /* UserResponse.swift */,
			);
			path = "OTM Responses";
			sourceTree = "<group>";
		};
		DDA224B9243A79EB0046D861 /* OTM Client */ = {
			isa = PBXGroup;
			children = (
				DDA224BE243A7CD90046D861 /* OTMClient.swift */,
			);
			path = "OTM Client";
			sourceTree = "<group>";
		};
/* End PBXGroup section */

/* Begin PBXNativeTarget section */
		DD0E3F092438E00C007DDDCF /* OnTheMap */ = {
			isa = PBXNativeTarget;
			buildConfigurationList = DD0E3F1E2438E00D007DDDCF /* Build configuration list for PBXNativeTarget "OnTheMap" */;
			buildPhases = (
				DD0E3F062438E00C007DDDCF /* Sources */,
				DD0E3F072438E00C007DDDCF /* Frameworks */,
				DD0E3F082438E00C007DDDCF /* Resources */,
			);
			buildRules = (
			);
			dependencies = (
			);
			name = OnTheMap;
			productName = OnTheMap;
			productReference = DD0E3F0A2438E00C007DDDCF /* OnTheMap.app */;
			productType = "com.apple.product-type.application";
		};
/* End PBXNativeTarget section */

/* Begin PBXProject section */
		DD0E3F022438E00C007DDDCF /* Project object */ = {
			isa = PBXProject;
			attributes = {
				LastSwiftUpdateCheck = 1140;
				LastUpgradeCheck = 1140;
				ORGANIZATIONNAME = "David Jarrin";
				TargetAttributes = {
					DD0E3F092438E00C007DDDCF = {
						CreatedOnToolsVersion = 11.4;
					};
				};
			};
			buildConfigurationList = DD0E3F052438E00C007DDDCF /* Build configuration list for PBXProject "OnTheMap" */;
			compatibilityVersion = "Xcode 9.3";
			developmentRegion = en;
			hasScannedForEncodings = 0;
			knownRegions = (
				en,
				Base,
			);
			mainGroup = DD0E3F012438E00C007DDDCF;
			productRefGroup = DD0E3F0B2438E00C007DDDCF /* Products */;
			projectDirPath = "";
			projectRoot = "";
			targets = (
				DD0E3F092438E00C007DDDCF /* OnTheMap */,
			);
		};
/* End PBXProject section */

/* Begin PBXResourcesBuildPhase section */
		DD0E3F082438E00C007DDDCF /* Resources */ = {
			isa = PBXResourcesBuildPhase;
			buildActionMask = 2147483647;
			files = (
				DD0E3F1A2438E00D007DDDCF /* LaunchScreen.storyboard in Resources */,
				DD7ADA742442353B0043D812 /* fa-regular-400.ttf in Resources */,
				DDA224A0243A40610046D861 /* Colors.xcassets in Resources */,
				DD0E3F172438E00D007DDDCF /* Assets.xcassets in Resources */,
				DD0E3F152438E00C007DDDCF /* Main.storyboard in Resources */,
			);
			runOnlyForDeploymentPostprocessing = 0;
		};
/* End PBXResourcesBuildPhase section */

/* Begin PBXSourcesBuildPhase section */
		DD0E3F062438E00C007DDDCF /* Sources */ = {
			isa = PBXSourcesBuildPhase;
			buildActionMask = 2147483647;
			files = (
				DDA224A8243A48B90046D861 /* ListingTableViewController.swift in Sources */,
				DDA224BB243A7A1A0046D861 /* UdacityLoginRequest.swift in Sources */,
				DDA224B6243A77540046D861 /* PrimaryLabel.swift in Sources */,
				DDA224A2243A46100046D861 /* Colors.swift in Sources */,
				DD8E69C1243B5844009B89C9 /* PrimaryTabBarController.swift in Sources */,
				DD8E69BB243B49B1009B89C9 /* ListingModel.swift in Sources */,
				DD7ADA692441FA880043D812 /* MapViewController.swift in Sources */,
				DD7ADA6B2441FB1D0043D812 /* MapViewController+utils.swift in Sources */,
				DDA224B0243A5D7F0046D861 /* PrimaryButton.swift in Sources */,
				DD6ECD83243CACAF005BD83F /* ListingTableViewController+utils.swift in Sources */,
				DD7ADA71244217E40043D812 /* UserResponse.swift in Sources */,
				DDA224AA243A49560046D861 /* AddLocationFormViewController.swift in Sources */,
				DDA224AC243A49920046D861 /* AddLocationMapViewController.swift in Sources */,
				DD3631FD243F52AE000B15A5 /* AddLocationFormViewController+utils.swift in Sources */,
				DDA224BF243A7CD90046D861 /* OTMClient.swift in Sources */,
				DD8E69BF243B4B4E009B89C9 /* StudentLocationResponse.swift in Sources */,
				DD0E3F0E2438E00C007DDDCF /* AppDelegate.swift in Sources */,
				DD7ADA6F24420E680043D812 /* PostStudentListingRequest.swift in Sources */,
				DDA224A4243A47A50046D861 /* LoginViewController.swift in Sources */,
				DDA224A6243A482B0046D861 /* ListingMapViewController.swift in Sources */,
				DD8E69BD243B4A2A009B89C9 /* StudentListing.swift in Sources */,
				DDA224C1243A9DA80046D861 /* OTMResponse.swift in Sources */,
				DD0E3F102438E00C007DDDCF /* SceneDelegate.swift in Sources */,
				DDA224AE243A4F800046D861 /* GradientView.swift in Sources */,
				DDA224BD243A7B1B0046D861 /* UdacityLoginResponse.swift in Sources */,
				DD7ADA6D24420D020043D812 /* PostStudentListingResponse.swift in Sources */,
				DDA224B4243A75C60046D861 /* PrimaryTextField.swift in Sources */,
			);
			runOnlyForDeploymentPostprocessing = 0;
		};
/* End PBXSourcesBuildPhase section */

/* Begin PBXVariantGroup section */
		DD0E3F132438E00C007DDDCF /* Main.storyboard */ = {
			isa = PBXVariantGroup;
			children = (
				DD0E3F142438E00C007DDDCF /* Base */,
			);
			name = Main.storyboard;
			sourceTree = "<group>";
		};
		DD0E3F182438E00D007DDDCF /* LaunchScreen.storyboard */ = {
			isa = PBXVariantGroup;
			children = (
				DD0E3F192438E00D007DDDCF /* Base */,
			);
			name = LaunchScreen.storyboard;
			sourceTree = "<group>";
		};
/* End PBXVariantGroup section */

/* Begin XCBuildConfiguration section */
		DD0E3F1C2438E00D007DDDCF /* Debug */ = {
			isa = XCBuildConfiguration;
			buildSettings = {
				ALWAYS_SEARCH_USER_PATHS = NO;
				CLANG_ANALYZER_NONNULL = YES;
				CLANG_ANALYZER_NUMBER_OBJECT_CONVERSION = YES_AGGRESSIVE;
				CLANG_CXX_LANGUAGE_STANDARD = "gnu++14";
				CLANG_CXX_LIBRARY = "libc++";
				CLANG_ENABLE_MODULES = YES;
				CLANG_ENABLE_OBJC_ARC = YES;
				CLANG_ENABLE_OBJC_WEAK = YES;
				CLANG_WARN_BLOCK_CAPTURE_AUTORELEASING = YES;
				CLANG_WARN_BOOL_CONVERSION = YES;
				CLANG_WARN_COMMA = YES;
				CLANG_WARN_CONSTANT_CONVERSION = YES;
				CLANG_WARN_DEPRECATED_OBJC_IMPLEMENTATIONS = YES;
				CLANG_WARN_DIRECT_OBJC_ISA_USAGE = YES_ERROR;
				CLANG_WARN_DOCUMENTATION_COMMENTS = YES;
				CLANG_WARN_EMPTY_BODY = YES;
				CLANG_WARN_ENUM_CONVERSION = YES;
				CLANG_WARN_INFINITE_RECURSION = YES;
				CLANG_WARN_INT_CONVERSION = YES;
				CLANG_WARN_NON_LITERAL_NULL_CONVERSION = YES;
				CLANG_WARN_OBJC_IMPLICIT_RETAIN_SELF = YES;
				CLANG_WARN_OBJC_LITERAL_CONVERSION = YES;
				CLANG_WARN_OBJC_ROOT_CLASS = YES_ERROR;
				CLANG_WARN_RANGE_LOOP_ANALYSIS = YES;
				CLANG_WARN_STRICT_PROTOTYPES = YES;
				CLANG_WARN_SUSPICIOUS_MOVE = YES;
				CLANG_WARN_UNGUARDED_AVAILABILITY = YES_AGGRESSIVE;
				CLANG_WARN_UNREACHABLE_CODE = YES;
				CLANG_WARN__DUPLICATE_METHOD_MATCH = YES;
				COPY_PHASE_STRIP = NO;
				DEBUG_INFORMATION_FORMAT = dwarf;
				ENABLE_STRICT_OBJC_MSGSEND = YES;
				ENABLE_TESTABILITY = YES;
				GCC_C_LANGUAGE_STANDARD = gnu11;
				GCC_DYNAMIC_NO_PIC = NO;
				GCC_NO_COMMON_BLOCKS = YES;
				GCC_OPTIMIZATION_LEVEL = 0;
				GCC_PREPROCESSOR_DEFINITIONS = (
					"DEBUG=1",
					"$(inherited)",
				);
				GCC_WARN_64_TO_32_BIT_CONVERSION = YES;
				GCC_WARN_ABOUT_RETURN_TYPE = YES_ERROR;
				GCC_WARN_UNDECLARED_SELECTOR = YES;
				GCC_WARN_UNINITIALIZED_AUTOS = YES_AGGRESSIVE;
				GCC_WARN_UNUSED_FUNCTION = YES;
				GCC_WARN_UNUSED_VARIABLE = YES;
				IPHONEOS_DEPLOYMENT_TARGET = 13.4;
				MTL_ENABLE_DEBUG_INFO = INCLUDE_SOURCE;
				MTL_FAST_MATH = YES;
				ONLY_ACTIVE_ARCH = YES;
				SDKROOT = iphoneos;
				SWIFT_ACTIVE_COMPILATION_CONDITIONS = DEBUG;
				SWIFT_OPTIMIZATION_LEVEL = "-Onone";
			};
			name = Debug;
		};
		DD0E3F1D2438E00D007DDDCF /* Release */ = {
			isa = XCBuildConfiguration;
			buildSettings = {
				ALWAYS_SEARCH_USER_PATHS = NO;
				CLANG_ANALYZER_NONNULL = YES;
				CLANG_ANALYZER_NUMBER_OBJECT_CONVERSION = YES_AGGRESSIVE;
				CLANG_CXX_LANGUAGE_STANDARD = "gnu++14";
				CLANG_CXX_LIBRARY = "libc++";
				CLANG_ENABLE_MODULES = YES;
				CLANG_ENABLE_OBJC_ARC = YES;
				CLANG_ENABLE_OBJC_WEAK = YES;
				CLANG_WARN_BLOCK_CAPTURE_AUTORELEASING = YES;
				CLANG_WARN_BOOL_CONVERSION = YES;
				CLANG_WARN_COMMA = YES;
				CLANG_WARN_CONSTANT_CONVERSION = YES;
				CLANG_WARN_DEPRECATED_OBJC_IMPLEMENTATIONS = YES;
				CLANG_WARN_DIRECT_OBJC_ISA_USAGE = YES_ERROR;
				CLANG_WARN_DOCUMENTATION_COMMENTS = YES;
				CLANG_WARN_EMPTY_BODY = YES;
				CLANG_WARN_ENUM_CONVERSION = YES;
				CLANG_WARN_INFINITE_RECURSION = YES;
				CLANG_WARN_INT_CONVERSION = YES;
				CLANG_WARN_NON_LITERAL_NULL_CONVERSION = YES;
				CLANG_WARN_OBJC_IMPLICIT_RETAIN_SELF = YES;
				CLANG_WARN_OBJC_LITERAL_CONVERSION = YES;
				CLANG_WARN_OBJC_ROOT_CLASS = YES_ERROR;
				CLANG_WARN_RANGE_LOOP_ANALYSIS = YES;
				CLANG_WARN_STRICT_PROTOTYPES = YES;
				CLANG_WARN_SUSPICIOUS_MOVE = YES;
				CLANG_WARN_UNGUARDED_AVAILABILITY = YES_AGGRESSIVE;
				CLANG_WARN_UNREACHABLE_CODE = YES;
				CLANG_WARN__DUPLICATE_METHOD_MATCH = YES;
				COPY_PHASE_STRIP = NO;
				DEBUG_INFORMATION_FORMAT = "dwarf-with-dsym";
				ENABLE_NS_ASSERTIONS = NO;
				ENABLE_STRICT_OBJC_MSGSEND = YES;
				GCC_C_LANGUAGE_STANDARD = gnu11;
				GCC_NO_COMMON_BLOCKS = YES;
				GCC_WARN_64_TO_32_BIT_CONVERSION = YES;
				GCC_WARN_ABOUT_RETURN_TYPE = YES_ERROR;
				GCC_WARN_UNDECLARED_SELECTOR = YES;
				GCC_WARN_UNINITIALIZED_AUTOS = YES_AGGRESSIVE;
				GCC_WARN_UNUSED_FUNCTION = YES;
				GCC_WARN_UNUSED_VARIABLE = YES;
				IPHONEOS_DEPLOYMENT_TARGET = 13.4;
				MTL_ENABLE_DEBUG_INFO = NO;
				MTL_FAST_MATH = YES;
				SDKROOT = iphoneos;
				SWIFT_COMPILATION_MODE = wholemodule;
				SWIFT_OPTIMIZATION_LEVEL = "-O";
				VALIDATE_PRODUCT = YES;
			};
			name = Release;
		};
		DD0E3F1F2438E00D007DDDCF /* Debug */ = {
			isa = XCBuildConfiguration;
			buildSettings = {
				ASSETCATALOG_COMPILER_APPICON_NAME = AppIcon;
				CODE_SIGN_STYLE = Automatic;
				DEVELOPMENT_TEAM = LCZ95D67ZG;
				INFOPLIST_FILE = OnTheMap/Info.plist;
				LD_RUNPATH_SEARCH_PATHS = (
					"$(inherited)",
					"@executable_path/Frameworks",
				);
				PRODUCT_BUNDLE_IDENTIFIER = com.digitaldreamcatcher.OnTheMap;
				PRODUCT_NAME = "$(TARGET_NAME)";
				SWIFT_VERSION = 5.0;
				TARGETED_DEVICE_FAMILY = "1,2";
			};
			name = Debug;
		};
		DD0E3F202438E00D007DDDCF /* Release */ = {
			isa = XCBuildConfiguration;
			buildSettings = {
				ASSETCATALOG_COMPILER_APPICON_NAME = AppIcon;
				CODE_SIGN_STYLE = Automatic;
				DEVELOPMENT_TEAM = LCZ95D67ZG;
				INFOPLIST_FILE = OnTheMap/Info.plist;
				LD_RUNPATH_SEARCH_PATHS = (
					"$(inherited)",
					"@executable_path/Frameworks",
				);
				PRODUCT_BUNDLE_IDENTIFIER = com.digitaldreamcatcher.OnTheMap;
				PRODUCT_NAME = "$(TARGET_NAME)";
				SWIFT_VERSION = 5.0;
				TARGETED_DEVICE_FAMILY = "1,2";
			};
			name = Release;
		};
/* End XCBuildConfiguration section */

/* Begin XCConfigurationList section */
		DD0E3F052438E00C007DDDCF /* Build configuration list for PBXProject "OnTheMap" */ = {
			isa = XCConfigurationList;
			buildConfigurations = (
				DD0E3F1C2438E00D007DDDCF /* Debug */,
				DD0E3F1D2438E00D007DDDCF /* Release */,
			);
			defaultConfigurationIsVisible = 0;
			defaultConfigurationName = Release;
		};
		DD0E3F1E2438E00D007DDDCF /* Build configuration list for PBXNativeTarget "OnTheMap" */ = {
			isa = XCConfigurationList;
			buildConfigurations = (
				DD0E3F1F2438E00D007DDDCF /* Debug */,
				DD0E3F202438E00D007DDDCF /* Release */,
			);
			defaultConfigurationIsVisible = 0;
			defaultConfigurationName = Release;
		};
/* End XCConfigurationList section */
	};
	rootObject = DD0E3F022438E00C007DDDCF /* Project object */;
}
